# THIS IS AN AUTOGENERATED FILE. DO NOT EDIT THIS FILE DIRECTLY.
# yarn lockfile v1


"@babel/runtime@^7.12.1", "@babel/runtime@^7.3.1", "@babel/runtime@^7.4.4", "@babel/runtime@^7.5.5", "@babel/runtime@^7.8.3", "@babel/runtime@^7.8.7", "@babel/runtime@^7.9.2":
  version "7.17.9"
  resolved "https://registry.yarnpkg.com/@babel/runtime/-/runtime-7.17.9.tgz#d19fbf802d01a8cb6cf053a64e472d42c434ba72"
  integrity sha512-lSiBBvodq29uShpWGNbgFdKYNiFDo5/HIYsaCEY9ff4sb10x9jizo2+pRrSyF4jKZCXqgzuqBOQKbUm90gQwJg==
  dependencies:
    regenerator-runtime "^0.13.4"

"@emotion/hash@^0.8.0":
  version "0.8.0"
  resolved "https://registry.yarnpkg.com/@emotion/hash/-/hash-0.8.0.tgz#bbbff68978fefdbe68ccb533bc8cbe1d1afb5413"
  integrity sha512-kBJtf7PH6aWwZ6fka3zQ0p6SBYzx4fl1LoZXE2RrnYST9Xljm7WfKJrU4g/Xr3Beg72MLrp1AWNUmuYJTL7Cow==

"@material-ui/core@^4.12.4":
  version "4.12.4"
  resolved "https://registry.yarnpkg.com/@material-ui/core/-/core-4.12.4.tgz#4ac17488e8fcaf55eb6a7f5efb2a131e10138a73"
  integrity sha512-tr7xekNlM9LjA6pagJmL8QCgZXaubWUwkJnoYcMKd4gw/t4XiyvnTkjdGrUVicyB2BsdaAv1tvow45bPM4sSwQ==
  dependencies:
    "@babel/runtime" "^7.4.4"
    "@material-ui/styles" "^4.11.5"
    "@material-ui/system" "^4.12.2"
    "@material-ui/types" "5.1.0"
    "@material-ui/utils" "^4.11.3"
    "@types/react-transition-group" "^4.2.0"
    clsx "^1.0.4"
    hoist-non-react-statics "^3.3.2"
    popper.js "1.16.1-lts"
    prop-types "^15.7.2"
    react-is "^16.8.0 || ^17.0.0"
    react-transition-group "^4.4.0"

"@material-ui/styles@^4.11.5":
  version "4.11.5"
  resolved "https://registry.yarnpkg.com/@material-ui/styles/-/styles-4.11.5.tgz#19f84457df3aafd956ac863dbe156b1d88e2bbfb"
  integrity sha512-o/41ot5JJiUsIETME9wVLAJrmIWL3j0R0Bj2kCOLbSfqEkKf0fmaPt+5vtblUh5eXr2S+J/8J3DaCb10+CzPGA==
  dependencies:
    "@babel/runtime" "^7.4.4"
    "@emotion/hash" "^0.8.0"
    "@material-ui/types" "5.1.0"
    "@material-ui/utils" "^4.11.3"
    clsx "^1.0.4"
    csstype "^2.5.2"
    hoist-non-react-statics "^3.3.2"
    jss "^10.5.1"
    jss-plugin-camel-case "^10.5.1"
    jss-plugin-default-unit "^10.5.1"
    jss-plugin-global "^10.5.1"
    jss-plugin-nested "^10.5.1"
    jss-plugin-props-sort "^10.5.1"
    jss-plugin-rule-value-function "^10.5.1"
    jss-plugin-vendor-prefixer "^10.5.1"
    prop-types "^15.7.2"

"@material-ui/system@^4.12.2":
  version "4.12.2"
  resolved "https://registry.yarnpkg.com/@material-ui/system/-/system-4.12.2.tgz#f5c389adf3fce4146edd489bf4082d461d86aa8b"
  integrity sha512-6CSKu2MtmiJgcCGf6nBQpM8fLkuB9F55EKfbdTC80NND5wpTmKzwdhLYLH3zL4cLlK0gVaaltW7/wMuyTnN0Lw==
  dependencies:
    "@babel/runtime" "^7.4.4"
    "@material-ui/utils" "^4.11.3"
    csstype "^2.5.2"
    prop-types "^15.7.2"

"@material-ui/types@5.1.0":
  version "5.1.0"
  resolved "https://registry.yarnpkg.com/@material-ui/types/-/types-5.1.0.tgz#efa1c7a0b0eaa4c7c87ac0390445f0f88b0d88f2"
  integrity sha512-7cqRjrY50b8QzRSYyhSpx4WRw2YuO0KKIGQEVk5J8uoz2BanawykgZGoWEqKm7pVIbzFDN0SpPcVV4IhOFkl8A==

"@material-ui/utils@^4.11.3":
  version "4.11.3"
  resolved "https://registry.yarnpkg.com/@material-ui/utils/-/utils-4.11.3.tgz#232bd86c4ea81dab714f21edad70b7fdf0253942"
  integrity sha512-ZuQPV4rBK/V1j2dIkSSEcH5uT6AaHuKWFfotADHsC0wVL1NLd2WkFCm4ZZbX33iO4ydl6V0GPngKm8HZQ2oujg==
  dependencies:
    "@babel/runtime" "^7.4.4"
    prop-types "^15.7.2"
    react-is "^16.8.0 || ^17.0.0"

"@reduxjs/toolkit@^1.8.1":
  version "1.8.1"
  resolved "https://registry.yarnpkg.com/@reduxjs/toolkit/-/toolkit-1.8.1.tgz#94ee1981b8cf9227cda40163a04704a9544c9a9f"
  integrity sha512-Q6mzbTpO9nOYRnkwpDlFOAbQnd3g7zj7CtHAZWz5SzE5lcV97Tf8f3SzOO8BoPOMYBFgfZaqTUZqgGu+a0+Fng==
  dependencies:
    immer "^9.0.7"
    redux "^4.1.2"
    redux-thunk "^2.4.1"
    reselect "^4.1.5"

"@types/hoist-non-react-statics@^3.3.1":
  version "3.3.1"
  resolved "https://registry.yarnpkg.com/@types/hoist-non-react-statics/-/hoist-non-react-statics-3.3.1.tgz#1124aafe5118cb591977aeb1ceaaed1070eb039f"
  integrity sha512-iMIqiko6ooLrTh1joXodJK5X9xeEALT1kM5G3ZLhD3hszxBdIEd5C75U834D9mLcINgD4OyZf5uQXjkuYydWvA==
  dependencies:
    "@types/react" "*"
    hoist-non-react-statics "^3.3.0"

"@types/prop-types@*":
  version "15.7.5"
  resolved "https://registry.yarnpkg.com/@types/prop-types/-/prop-types-15.7.5.tgz#5f19d2b85a98e9558036f6a3cacc8819420f05cf"
  integrity sha512-JCB8C6SnDoQf0cNycqd/35A7MjcnK+ZTqE7judS6o7utxUCg6imJg3QK2qzHKszlTjcj2cn+NwMB2i96ubpj7w==

"@types/react-transition-group@^4.2.0":
  version "4.4.4"
  resolved "https://registry.yarnpkg.com/@types/react-transition-group/-/react-transition-group-4.4.4.tgz#acd4cceaa2be6b757db61ed7b432e103242d163e"
  integrity sha512-7gAPz7anVK5xzbeQW9wFBDg7G++aPLAFY0QaSMOou9rJZpbuI58WAuJrgu+qR92l61grlnCUe7AFX8KGahAgug==
  dependencies:
    "@types/react" "*"

"@types/react@*":
  version "18.0.8"
  resolved "https://registry.yarnpkg.com/@types/react/-/react-18.0.8.tgz#a051eb380a9fbcaa404550543c58e1cf5ce4ab87"
  integrity sha512-+j2hk9BzCOrrOSJASi5XiOyBbERk9jG5O73Ya4M0env5Ixi6vUNli4qy994AINcEF+1IEHISYFfIT4zwr++LKw==
  dependencies:
    "@types/prop-types" "*"
    "@types/scheduler" "*"
    csstype "^3.0.2"

"@types/scheduler@*":
  version "0.16.2"
  resolved "https://registry.yarnpkg.com/@types/scheduler/-/scheduler-0.16.2.tgz#1a62f89525723dde24ba1b01b092bf5df8ad4d39"
  integrity sha512-hppQEBDmlwhFAXKJX2KnWLYu5yMfi91yazPb2l+lbJiwW+wdo1gNeRA+3RgNSO39WYX2euey41KEwnqesU2Jew==

"@types/use-sync-external-store@^0.0.3":
  version "0.0.3"
  resolved "https://registry.yarnpkg.com/@types/use-sync-external-store/-/use-sync-external-store-0.0.3.tgz#b6725d5f4af24ace33b36fafd295136e75509f43"
  integrity sha512-EwmlvuaxPNej9+T4v5AuBPJa2x2UOJVdjCtDHgcDqitUeOtjnJKJ+apYjVcAoBEMjKW1VVFGZLUb5+qqa09XFA==

clsx@^1.0.4:
  version "1.1.1"
  resolved "https://registry.yarnpkg.com/clsx/-/clsx-1.1.1.tgz#98b3134f9abbdf23b2663491ace13c5c03a73188"
  integrity sha512-6/bPho624p3S2pMyvP5kKBPXnI3ufHLObBFCfgx+LkeR5lg2XYy2hqZqUf45ypD8COn2bhgGJSUE+l5dhNBieA==

css-vendor@^2.0.8:
  version "2.0.8"
  resolved "https://registry.yarnpkg.com/css-vendor/-/css-vendor-2.0.8.tgz#e47f91d3bd3117d49180a3c935e62e3d9f7f449d"
  integrity sha512-x9Aq0XTInxrkuFeHKbYC7zWY8ai7qJ04Kxd9MnvbC1uO5DagxoHQjm4JvG+vCdXOoFtCjbL2XSZfxmoYa9uQVQ==
  dependencies:
    "@babel/runtime" "^7.8.3"
    is-in-browser "^1.0.2"

csstype@^2.5.2:
  version "2.6.20"
  resolved "https://registry.yarnpkg.com/csstype/-/csstype-2.6.20.tgz#9229c65ea0b260cf4d3d997cb06288e36a8d6dda"
  integrity sha512-/WwNkdXfckNgw6S5R125rrW8ez139lBHWouiBvX8dfMFtcn6V81REDqnH7+CRpRipfYlyU1CmOnOxrmGcFOjeA==

csstype@^3.0.2:
  version "3.0.11"
  resolved "https://registry.yarnpkg.com/csstype/-/csstype-3.0.11.tgz#d66700c5eacfac1940deb4e3ee5642792d85cd33"
  integrity sha512-sa6P2wJ+CAbgyy4KFssIb/JNMLxFvKF1pCYCSXS8ZMuqZnMsrxqI2E5sPyoTpxoPU/gVZMzr2zjOfg8GIZOMsw==

dom-helpers@^5.0.1:
  version "5.2.1"
  resolved "https://registry.yarnpkg.com/dom-helpers/-/dom-helpers-5.2.1.tgz#d9400536b2bf8225ad98fe052e029451ac40e902"
  integrity sha512-nRCa7CK3VTrM2NmGkIy4cbK7IZlgBE/PYMn55rrXefr5xXDP0LdtfPnblFDoVdcAfslJ7or6iqAUnx0CCGIWQA==
  dependencies:
    "@babel/runtime" "^7.8.7"
    csstype "^3.0.2"

electron-log@^4.4.6:
  version "4.4.6"
  resolved "https://registry.yarnpkg.com/electron-log/-/electron-log-4.4.6.tgz#e7824fc725370384f6edaaac0480c423e570dc69"
  integrity sha512-nirYgRdY+F+vclr8ijdwy2vW03IzFpDHTaKNWu76dEN21Y76+smcES5knS7cgHUUB0qNLOi8vZO36taakjbSXA==

hoist-non-react-statics@^3.3.0, hoist-non-react-statics@^3.3.2:
  version "3.3.2"
  resolved "https://registry.yarnpkg.com/hoist-non-react-statics/-/hoist-non-react-statics-3.3.2.tgz#ece0acaf71d62c2969c2ec59feff42a4b1a85b45"
  integrity sha512-/gGivxi8JPKWNm/W0jSmzcMPpfpPLc3dY/6GxhX2hQ9iGj3aDfklV4ET7NjKpSinLpJ5vafa9iiGIEZg10SfBw==
  dependencies:
    react-is "^16.7.0"

hyphenate-style-name@^1.0.3:
  version "1.0.4"
  resolved "https://registry.yarnpkg.com/hyphenate-style-name/-/hyphenate-style-name-1.0.4.tgz#691879af8e220aea5750e8827db4ef62a54e361d"
  integrity sha512-ygGZLjmXfPHj+ZWh6LwbC37l43MhfztxetbFCoYTM2VjkIUpeHgSNn7QIyVFj7YQ1Wl9Cbw5sholVJPzWvC2MQ==

immer@^9.0.7:
  version "9.0.12"
  resolved "https://registry.yarnpkg.com/immer/-/immer-9.0.12.tgz#2d33ddf3ee1d247deab9d707ca472c8c942a0f20"
  integrity sha512-lk7UNmSbAukB5B6dh9fnh5D0bJTOFKxVg2cyJWTYrWRfhLrLMBquONcUs3aFq507hNoIZEDDh8lb8UtOizSMhA==

is-in-browser@^1.0.2, is-in-browser@^1.1.3:
  version "1.1.3"
  resolved "https://registry.yarnpkg.com/is-in-browser/-/is-in-browser-1.1.3.tgz#56ff4db683a078c6082eb95dad7dc62e1d04f835"
  integrity sha1-Vv9NtoOgeMYILrldrX3GLh0E+DU=

"js-tokens@^3.0.0 || ^4.0.0":
  version "4.0.0"
  resolved "https://registry.yarnpkg.com/js-tokens/-/js-tokens-4.0.0.tgz#19203fb59991df98e3a287050d4647cdeaf32499"
  integrity sha512-RdJUflcE3cUzKiMqQgsCu06FPu9UdIJO0beYbPhHN4k6apgJtifcoCtT9bcxOpYBtpD2kCM6Sbzg4CausW/PKQ==

jss-plugin-camel-case@^10.5.1:
  version "10.9.0"
  resolved "https://registry.yarnpkg.com/jss-plugin-camel-case/-/jss-plugin-camel-case-10.9.0.tgz#4921b568b38d893f39736ee8c4c5f1c64670aaf7"
  integrity sha512-UH6uPpnDk413/r/2Olmw4+y54yEF2lRIV8XIZyuYpgPYTITLlPOsq6XB9qeqv+75SQSg3KLocq5jUBXW8qWWww==
  dependencies:
    "@babel/runtime" "^7.3.1"
    hyphenate-style-name "^1.0.3"
    jss "10.9.0"

jss-plugin-default-unit@^10.5.1:
  version "10.9.0"
  resolved "https://registry.yarnpkg.com/jss-plugin-default-unit/-/jss-plugin-default-unit-10.9.0.tgz#bb23a48f075bc0ce852b4b4d3f7582bc002df991"
  integrity sha512-7Ju4Q9wJ/MZPsxfu4T84mzdn7pLHWeqoGd/D8O3eDNNJ93Xc8PxnLmV8s8ZPNRYkLdxZqKtm1nPQ0BM4JRlq2w==
  dependencies:
    "@babel/runtime" "^7.3.1"
    jss "10.9.0"

jss-plugin-global@^10.5.1:
  version "10.9.0"
  resolved "https://registry.yarnpkg.com/jss-plugin-global/-/jss-plugin-global-10.9.0.tgz#fc07a0086ac97aca174e37edb480b69277f3931f"
  integrity sha512-4G8PHNJ0x6nwAFsEzcuVDiBlyMsj2y3VjmFAx/uHk/R/gzJV+yRHICjT4MKGGu1cJq2hfowFWCyrr/Gg37FbgQ==
  dependencies:
    "@babel/runtime" "^7.3.1"
    jss "10.9.0"

jss-plugin-nested@^10.5.1:
  version "10.9.0"
  resolved "https://registry.yarnpkg.com/jss-plugin-nested/-/jss-plugin-nested-10.9.0.tgz#cc1c7d63ad542c3ccc6e2c66c8328c6b6b00f4b3"
  integrity sha512-2UJnDrfCZpMYcpPYR16oZB7VAC6b/1QLsRiAutOt7wJaaqwCBvNsosLEu/fUyKNQNGdvg2PPJFDO5AX7dwxtoA==
  dependencies:
    "@babel/runtime" "^7.3.1"
    jss "10.9.0"
    tiny-warning "^1.0.2"

jss-plugin-props-sort@^10.5.1:
  version "10.9.0"
  resolved "https://registry.yarnpkg.com/jss-plugin-props-sort/-/jss-plugin-props-sort-10.9.0.tgz#30e9567ef9479043feb6e5e59db09b4de687c47d"
  integrity sha512-7A76HI8bzwqrsMOJTWKx/uD5v+U8piLnp5bvru7g/3ZEQOu1+PjHvv7bFdNO3DwNPC9oM0a//KwIJsIcDCjDzw==
  dependencies:
    "@babel/runtime" "^7.3.1"
    jss "10.9.0"

jss-plugin-rule-value-function@^10.5.1:
  version "10.9.0"
  resolved "https://registry.yarnpkg.com/jss-plugin-rule-value-function/-/jss-plugin-rule-value-function-10.9.0.tgz#379fd2732c0746fe45168011fe25544c1a295d67"
  integrity sha512-IHJv6YrEf8pRzkY207cPmdbBstBaE+z8pazhPShfz0tZSDtRdQua5jjg6NMz3IbTasVx9FdnmptxPqSWL5tyJg==
  dependencies:
    "@babel/runtime" "^7.3.1"
    jss "10.9.0"
    tiny-warning "^1.0.2"

jss-plugin-vendor-prefixer@^10.5.1:
  version "10.9.0"
  resolved "https://registry.yarnpkg.com/jss-plugin-vendor-prefixer/-/jss-plugin-vendor-prefixer-10.9.0.tgz#aa9df98abfb3f75f7ed59a3ec50a5452461a206a"
  integrity sha512-MbvsaXP7iiVdYVSEoi+blrW+AYnTDvHTW6I6zqi7JcwXdc6I9Kbm234nEblayhF38EftoenbM+5218pidmC5gA==
  dependencies:
    "@babel/runtime" "^7.3.1"
    css-vendor "^2.0.8"
    jss "10.9.0"

jss@10.9.0, jss@^10.5.1:
  version "10.9.0"
  resolved "https://registry.yarnpkg.com/jss/-/jss-10.9.0.tgz#7583ee2cdc904a83c872ba695d1baab4b59c141b"
  integrity sha512-YpzpreB6kUunQBbrlArlsMpXYyndt9JATbt95tajx0t4MTJJcCJdd4hdNpHmOIDiUJrF/oX5wtVFrS3uofWfGw==
  dependencies:
    "@babel/runtime" "^7.3.1"
    csstype "^3.0.2"
    is-in-browser "^1.1.3"
    tiny-warning "^1.0.2"

loose-envify@^1.4.0:
  version "1.4.0"
  resolved "https://registry.yarnpkg.com/loose-envify/-/loose-envify-1.4.0.tgz#71ee51fa7be4caec1a63839f7e682d8132d30caf"
  integrity sha512-lyuxPGr/Wfhrlem2CL/UcnUc1zcqKAImBDzukY7Y5F/yQiNdko6+fRLevlw1HgMySw7f611UIY408EtxRSoK3Q==
  dependencies:
    js-tokens "^3.0.0 || ^4.0.0"

object-assign@^4.1.1:
  version "4.1.1"
  resolved "https://registry.yarnpkg.com/object-assign/-/object-assign-4.1.1.tgz#2109adc7965887cfc05cbbd442cac8bfbb360863"
  integrity sha1-IQmtx5ZYh8/AXLvUQsrIv7s2CGM=

popper.js@1.16.1-lts:
  version "1.16.1-lts"
  resolved "https://registry.yarnpkg.com/popper.js/-/popper.js-1.16.1-lts.tgz#cf6847b807da3799d80ee3d6d2f90df8a3f50b05"
  integrity sha512-Kjw8nKRl1m+VrSFCoVGPph93W/qrSO7ZkqPpTf7F4bk/sqcfWK019dWBUpE/fBOsOQY1dks/Bmcbfn1heM/IsA==

prop-types@^15.6.2, prop-types@^15.7.2:
  version "15.8.1"
  resolved "https://registry.yarnpkg.com/prop-types/-/prop-types-15.8.1.tgz#67d87bf1a694f48435cf332c24af10214a3140b5"
  integrity sha512-oj87CgZICdulUohogVAR7AjlC0327U4el4L6eAvOqCeudMDVU0NThNaV+b9Df4dXgSP1gXMTnPdhfe/2qDH5cg==
  dependencies:
    loose-envify "^1.4.0"
    object-assign "^4.1.1"
    react-is "^16.13.1"

react-is@^16.13.1, react-is@^16.7.0:
  version "16.13.1"
  resolved "https://registry.yarnpkg.com/react-is/-/react-is-16.13.1.tgz#789729a4dc36de2999dc156dd6c1d9c18cea56a4"
  integrity sha512-24e6ynE2H+OKt4kqsOvNd8kBpV65zoxbA4BVsEOB3ARVWQki/DHzaUoC5KuON/BiccDaCCTZBuOcfZs70kR8bQ==

"react-is@^16.8.0 || ^17.0.0":
  version "17.0.2"
  resolved "https://registry.yarnpkg.com/react-is/-/react-is-17.0.2.tgz#e691d4a8e9c789365655539ab372762b0efb54f0"
  integrity sha512-w2GsyukL62IJnlaff/nRegPQR94C/XXamvMWmSHRJ4y7Ts/4ocGRmTHvOs8PSE6pB3dWOrD/nueuU5sduBsQ4w==

react-is@^18.0.0:
  version "18.1.0"
  resolved "https://registry.yarnpkg.com/react-is/-/react-is-18.1.0.tgz#61aaed3096d30eacf2a2127118b5b41387d32a67"
  integrity sha512-Fl7FuabXsJnV5Q1qIOQwx/sagGF18kogb4gpfcG4gjLBWO0WDiiz1ko/ExayuxE7InyQkBLkxRFG5oxY6Uu3Kg==

react-redux@^8.0.1:
  version "8.0.1"
  resolved "https://registry.yarnpkg.com/react-redux/-/react-redux-8.0.1.tgz#2bc029f5ada9b443107914c373a2750f6bc0f40c"
  integrity sha512-LMZMsPY4DYdZfLJgd7i79n5Kps5N9XVLCJJeWAaPYTV+Eah2zTuBjTxKtNEbjiyitbq80/eIkm55CYSLqAub3w==
  dependencies:
    "@babel/runtime" "^7.12.1"
    "@types/hoist-non-react-statics" "^3.3.1"
    "@types/use-sync-external-store" "^0.0.3"
    hoist-non-react-statics "^3.3.2"
    react-is "^18.0.0"
    use-sync-external-store "^1.0.0"

react-transition-group@^4.4.0:
  version "4.4.2"
  resolved "https://registry.yarnpkg.com/react-transition-group/-/react-transition-group-4.4.2.tgz#8b59a56f09ced7b55cbd53c36768b922890d5470"
  integrity sha512-/RNYfRAMlZwDSr6z4zNKV6xu53/e2BuaBbGhbyYIXTrmgu/bGHzmqOs7mJSJBHy9Ud+ApHx3QjrkKSp1pxvlFg==
  dependencies:
    "@babel/runtime" "^7.5.5"
    dom-helpers "^5.0.1"
    loose-envify "^1.4.0"
    prop-types "^15.6.2"

redux-thunk@^2.4.1:
  version "2.4.1"
  resolved "https://registry.yarnpkg.com/redux-thunk/-/redux-thunk-2.4.1.tgz#0dd8042cf47868f4b29699941de03c9301a75714"
  integrity sha512-OOYGNY5Jy2TWvTL1KgAlVy6dcx3siPJ1wTq741EPyUKfn6W6nChdICjZwCd0p8AZBs5kWpZlbkXW2nE/zjUa+Q==

redux@^4.1.2:
  version "4.2.0"
  resolved "https://registry.yarnpkg.com/redux/-/redux-4.2.0.tgz#46f10d6e29b6666df758780437651eeb2b969f13"
  integrity sha512-oSBmcKKIuIR4ME29/AeNUnl5L+hvBq7OaJWzaptTQJAntaPvxIJqfnjbaEiCzzaIz+XmVILfqAM3Ob0aXLPfjA==
  dependencies:
    "@babel/runtime" "^7.9.2"

regenerator-runtime@^0.13.4:
  version "0.13.9"
  resolved "https://registry.yarnpkg.com/regenerator-runtime/-/regenerator-runtime-0.13.9.tgz#8925742a98ffd90814988d7566ad30ca3b263b52"
  integrity sha512-p3VT+cOEgxFsRRA9X4lkI1E+k2/CtnKtU4gcxyaCUreilL/vqI6CdZ3wxVUx3UOUg+gnUOQQcRI7BmSI656MYA==

reselect@^4.1.5:
  version "4.1.5"
  resolved "https://registry.yarnpkg.com/reselect/-/reselect-4.1.5.tgz#852c361247198da6756d07d9296c2b51eddb79f6"
  integrity sha512-uVdlz8J7OO+ASpBYoz1Zypgx0KasCY20H+N8JD13oUMtPvSHQuscrHop4KbXrbsBcdB9Ds7lVK7eRkBIfO43vQ==

tiny-warning@^1.0.2:
  version "1.0.3"
  resolved "https://registry.yarnpkg.com/tiny-warning/-/tiny-warning-1.0.3.tgz#94a30db453df4c643d0fd566060d60a875d84754"
  integrity sha512-lBN9zLN/oAf68o3zNXYrdCt1kP8WsiGW8Oo2ka41b2IM5JL/S1CTyX1rW0mb/zSuJun0ZUrDxx4sqvYS2FWzPA==

use-sync-external-store@^1.0.0:
  version "1.1.0"
  resolved "https://registry.yarnpkg.com/use-sync-external-store/-/use-sync-external-store-1.1.0.tgz#3343c3fe7f7e404db70f8c687adf5c1652d34e82"
  integrity sha512-SEnieB2FPKEVne66NpXPd1Np4R1lTNKfjuy3XdIoPQKYBAFdzbzSZlSn1KJZUiihQLQC5Znot4SBz1EOTBwQAQ==
